
Microsoft Visual Studio Solution File, Format Version 12.00
# Visual Studio Version 16
VisualStudioVersion = 16.0.31424.327
MinimumVisualStudioVersion = 10.0.40219.1
Project("{2150E333-8FDC-42A3-9474-1A3956D46DE8}") = "src", "src", "{60A00EDF-6948-4C44-98F3-802F6170B8FE}"
EndProject
Project("{2150E333-8FDC-42A3-9474-1A3956D46DE8}") = "Registration.Api", "Registration.Api", "{51E48BD2-5B99-4F81-87EA-DF60ED36FD1D}"
EndProject
Project("{9A19103F-16F7-4668-BE54-9A1E7A4F7556}") = "Registration.Api", "src\Registration.Api\Registration.Api.csproj", "{AA145184-0FF0-417B-9542-3030BBD99695}"
EndProject
Global
	GlobalSection(SolutionConfigurationPlatforms) = preSolution
		Debug|Any CPU = Debug|Any CPU
		Release|Any CPU = Release|Any CPU
	EndGlobalSection
	GlobalSection(ProjectConfigurationPlatforms) = postSolution
		{AA145184-0FF0-417B-9542-3030BBD99695}.Debug|Any CPU.ActiveCfg = Debug|Any CPU
		{AA145184-0FF0-417B-9542-3030BBD99695}.Debug|Any CPU.Build.0 = Debug|Any CPU
		{AA145184-0FF0-417B-9542-3030BBD99695}.Release|Any CPU.ActiveCfg = Release|Any CPU
		{AA145184-0FF0-417B-9542-3030BBD99695}.Release|Any CPU.Build.0 = Release|Any CPU
	EndGlobalSection
	GlobalSection(SolutionProperties) = preSolution
		HideSolutionNode = FALSE
	EndGlobalSection
	GlobalSection(NestedProjects) = preSolution
		{51E48BD2-5B99-4F81-87EA-DF60ED36FD1D} = {60A00EDF-6948-4C44-98F3-802F6170B8FE}
		{AA145184-0FF0-417B-9542-3030BBD99695} = {51E48BD2-5B99-4F81-87EA-DF60ED36FD1D}
	EndGlobalSection
	GlobalSection(ExtensibilityGlobals) = postSolution
		SolutionGuid = {5656EC0D-BABF-462C-8577-21C68B3CED07}
	EndGlobalSection
EndGlobal
